
Microsoft Visual Studio Solution File, Format Version 12.00
# Visual Studio Version 17
VisualStudioVersion = 17.3.32825.248
MinimumVisualStudioVersion = 10.0.40219.1
Project("{8BC9CEB8-8B4A-11D0-8D11-00A0C91BC942}") = "task2for", "task2for\task2for.vcxproj", "{0C773C89-F391-4A7C-A78D-2739F5CF7C18}"
EndProject
Global
	GlobalSection(SolutionConfigurationPlatforms) = preSolution
		Debug|x64 = Debug|x64
		Debug|x86 = Debug|x86
		Release|x64 = Release|x64
		Release|x86 = Release|x86
	EndGlobalSection
	GlobalSection(ProjectConfigurationPlatforms) = postSolution
		{0C773C89-F391-4A7C-A78D-2739F5CF7C18}.Debug|x64.ActiveCfg = Debug|x64
		{0C773C89-F391-4A7C-A78D-2739F5CF7C18}.Debug|x64.Build.0 = Debug|x64
		{0C773C89-F391-4A7C-A78D-2739F5CF7C18}.Debug|x86.ActiveCfg = Debug|Win32
		{0C773C89-F391-4A7C-A78D-2739F5CF7C18}.Debug|x86.Build.0 = Debug|Win32
		{0C773C89-F391-4A7C-A78D-2739F5CF7C18}.Release|x64.ActiveCfg = Release|x64
		{0C773C89-F391-4A7C-A78D-2739F5CF7C18}.Release|x64.Build.0 = Release|x64
		{0C773C89-F391-4A7C-A78D-2739F5CF7C18}.Release|x86.ActiveCfg = Release|Win32
		{0C773C89-F391-4A7C-A78D-2739F5CF7C18}.Release|x86.Build.0 = Release|Win32
	EndGlobalSection
	GlobalSection(SolutionProperties) = preSolution
		HideSolutionNode = FALSE
	EndGlobalSection
	GlobalSection(ExtensibilityGlobals) = postSolution
		SolutionGuid = {A229F10C-A6C6-4B0A-933C-12EE25FE6A60}
	EndGlobalSection
EndGlobal
